# This file is autogenerated, do not edit; changes may be undone by the next 'dep ensure'.


[[projects]]
  name = "cgt.name/pkg/go-mwclient"
  packages = [".","params"]
  revision = "64b7a3d760b3923103bae2a660f9373134358451"
  version = "v1.0.1"

[[projects]]
  name = "github.com/antonholmquist/jason"
  packages = ["."]
  revision = "c23cef7eaa75a6a5b8810120e167bd590d8fd2ab"
  version = "v1.0.0"

[[projects]]
  branch = "master"
  name = "github.com/mrjones/oauth"
  packages = ["."]
  revision = "3f67d9c274355678b2f9844b08d643e2f9213340"

[solve-meta]
  analyzer-name = "dep"
  analyzer-version = 1
  inputs-digest = "b76541720cf87b4e7103e82016e33d240b9be7ac89608814b7a9798968d9f366"
  solver-name = "gps-cdcl"
  solver-version = 1
