# This file is autogenerated, do not edit; changes may be undone by the next 'dep ensure'.


[[projects]]
  name = "cgt.name/pkg/go-mwclient"
  packages = [".","params"]
  revision = "64b7a3d760b3923103bae2a660f9373134358451"
  version = "v1.0.1"

[[projects]]
  name = "github.com/antonholmquist/jason"
  packages = ["."]
  revision = "962e09b85496e2e158eec1567fb4c826ce3d55d1"

[[projects]]
  branch = "master"
  name = "github.com/mrjones/oauth"
  packages = ["."]
  revision = "3f67d9c274355678b2f9844b08d643e2f9213340"

[solve-meta]
  analyzer-name = "dep"
  analyzer-version = 1
  inputs-digest = "a0496c5a1928fe5875526c0b947212914f4cfc7f8ddfecfab7839a8597886cba"
  solver-name = "gps-cdcl"
  solver-version = 1
